PODS:
  - connectivity_plus (0.0.1):
    - FlutterMacOS
  - flutter_blue_plus_darwin (0.0.2):
    - Flutter
    - FlutterMacOS
  - FlutterMacOS (1.0.0)
  - isar_flutter_libs (1.0.0):
    - FlutterMacOS
  - location (0.0.1):
    - FlutterMacOS
  - path_provider_foundation (0.0.1):
    - Flutter
    - FlutterMacOS
  - Protobuf (3.29.5)
  - reactive_ble_mobile (0.0.1):
    - Flutter
    - FlutterMacOS
    - Protobuf (~> 3.5)
    - SwiftProtobuf (~> 1.0)
  - shared_preferences_foundation (0.0.1):
    - Flutter
    - FlutterMacOS
  - SwiftProtobuf (1.31.1)

DEPENDENCIES:
  - connectivity_plus (from `Flutter/ephemeral/.symlinks/plugins/connectivity_plus/macos`)
  - flutter_blue_plus_darwin (from `Flutter/ephemeral/.symlinks/plugins/flutter_blue_plus_darwin/darwin`)
  - FlutterMacOS (from `Flutter/ephemeral`)
  - isar_flutter_libs (from `Flutter/ephemeral/.symlinks/plugins/isar_flutter_libs/macos`)
  - location (from `Flutter/ephemeral/.symlinks/plugins/location/macos`)
  - path_provider_foundation (from `Flutter/ephemeral/.symlinks/plugins/path_provider_foundation/darwin`)
  - reactive_ble_mobile (from `Flutter/ephemeral/.symlinks/plugins/reactive_ble_mobile/darwin`)
  - shared_preferences_foundation (from `Flutter/ephemeral/.symlinks/plugins/shared_preferences_foundation/darwin`)

SPEC REPOS:
  trunk:
    - Protobuf
    - SwiftProtobuf

EXTERNAL SOURCES:
  connectivity_plus:
    :path: Flutter/ephemeral/.symlinks/plugins/connectivity_plus/macos
  flutter_blue_plus_darwin:
    :path: Flutter/ephemeral/.symlinks/plugins/flutter_blue_plus_darwin/darwin
  FlutterMacOS:
    :path: Flutter/ephemeral
  isar_flutter_libs:
    :path: Flutter/ephemeral/.symlinks/plugins/isar_flutter_libs/macos
  location:
    :path: Flutter/ephemeral/.symlinks/plugins/location/macos
  path_provider_foundation:
    :path: Flutter/ephemeral/.symlinks/plugins/path_provider_foundation/darwin
  reactive_ble_mobile:
    :path: Flutter/ephemeral/.symlinks/plugins/reactive_ble_mobile/darwin
  shared_preferences_foundation:
    :path: Flutter/ephemeral/.symlinks/plugins/shared_preferences_foundation/darwin

SPEC CHECKSUMS:
  connectivity_plus: 0a976dfd033b59192912fa3c6c7b54aab5093802
  flutter_blue_plus_darwin: 904ed52825285a15f60e9d90312337a09f11a785
  FlutterMacOS: d0db08ddef1a9af05a5ec4b724367152bb0500b1
  isar_flutter_libs: 43385c99864c168fadba7c9adeddc5d38838ca6a
  location: 7cdb0665bd6577d382b0a343acdadbcb7f964775
  path_provider_foundation: 2b6b4c569c0fb62ec74538f866245ac84301af46
  Protobuf: 164aea2ae380c3951abdc3e195220c01d17400e0
  reactive_ble_mobile: 856183aeda09f2a676bbaecbea8915c3cb1d33df
  shared_preferences_foundation: fcdcbc04712aee1108ac7fda236f363274528f78
  SwiftProtobuf: e02f51c8c2df5845657aee2d4de9d61bf50ef788

PODFILE CHECKSUM: 54d867c82ac51cbd61b565781b9fada492027009

COCOAPODS: 1.16.2
